{
    "_readme": [
        "This file locks the dependencies of your project to a known state",
        "Read more about it at https://getcomposer.org/doc/01-basic-usage.md#installing-dependencies",
        "This file is @generated automatically"
    ],
    "content-hash": "b5ec5bae5f1f1407b7e5373246440c29",
    "packages": [
        {
            "name": "container-interop/container-interop",
            "version": "1.2.0",
            "source": {
                "type": "git",
                "url": "https://github.com/container-interop/container-interop.git",
                "reference": "79cbf1341c22ec75643d841642dd5d6acd83bdb8"
            },
            "dist": {
                "type": "zip",
                "url": "https://api.github.com/repos/container-interop/container-interop/zipball/79cbf1341c22ec75643d841642dd5d6acd83bdb8",
                "reference": "79cbf1341c22ec75643d841642dd5d6acd83bdb8",
                "shasum": ""
            },
            "require": {
                "psr/container": "^1.0"
            },
            "type": "library",
            "autoload": {
                "psr-4": {
                    "Interop\\Container\\": "src/Interop/Container/"
                }
            },
            "notification-url": "https://packagist.org/downloads/",
            "license": [
                "MIT"
            ],
            "description": "Promoting the interoperability of container objects (DIC, SL, etc.)",
            "homepage": "https://github.com/container-interop/container-interop",
            "time": "2017-02-14T19:40:03+00:00"
        },
        {
            "name": "nikic/fast-route",
            "version": "v1.3.0",
            "source": {
                "type": "git",
                "url": "https://github.com/nikic/FastRoute.git",
                "reference": "181d480e08d9476e61381e04a71b34dc0432e812"
            },
            "dist": {
                "type": "zip",
                "url": "https://api.github.com/repos/nikic/FastRoute/zipball/181d480e08d9476e61381e04a71b34dc0432e812",
                "reference": "181d480e08d9476e61381e04a71b34dc0432e812",
                "shasum": ""
            },
            "require": {
                "php": ">=5.4.0"
            },
            "require-dev": {
                "phpunit/phpunit": "^4.8.35|~5.7"
            },
            "type": "library",
            "autoload": {
                "psr-4": {
                    "FastRoute\\": "src/"
                },
                "files": [
                    "src/functions.php"
                ]
            },
            "notification-url": "https://packagist.org/downloads/",
            "license": [
                "BSD-3-Clause"
            ],
            "authors": [
                {
                    "name": "Nikita Popov",
                    "email": "nikic@php.net"
                }
            ],
            "description": "Fast request router for PHP",
            "keywords": [
                "router",
                "routing"
            ],
            "time": "2018-02-13T20:26:39+00:00"
        },
        {
            "name": "pimple/pimple",
            "version": "v3.2.3",
            "source": {
                "type": "git",
                "url": "https://github.com/silexphp/Pimple.git",
                "reference": "9e403941ef9d65d20cba7d54e29fe906db42cf32"
            },
            "dist": {
                "type": "zip",
                "url": "https://api.github.com/repos/silexphp/Pimple/zipball/9e403941ef9d65d20cba7d54e29fe906db42cf32",
                "reference": "9e403941ef9d65d20cba7d54e29fe906db42cf32",
                "shasum": ""
            },
            "require": {
                "php": ">=5.3.0",
                "psr/container": "^1.0"
            },
            "require-dev": {
                "symfony/phpunit-bridge": "^3.2"
            },
            "type": "library",
            "extra": {
                "branch-alias": {
                    "dev-master": "3.2.x-dev"
                }
            },
            "autoload": {
                "psr-0": {
                    "Pimple": "src/"
                }
            },
            "notification-url": "https://packagist.org/downloads/",
            "license": [
                "MIT"
            ],
            "authors": [
                {
                    "name": "Fabien Potencier",
                    "email": "fabien@symfony.com"
                }
            ],
            "description": "Pimple, a simple Dependency Injection Container",
            "homepage": "http://pimple.sensiolabs.org",
            "keywords": [
                "container",
                "dependency injection"
            ],
            "time": "2018-01-21T07:42:36+00:00"
        },
        {
            "name": "psr/container",
            "version": "1.0.0",
            "source": {
                "type": "git",
                "url": "https://github.com/php-fig/container.git",
                "reference": "b7ce3b176482dbbc1245ebf52b181af44c2cf55f"
            },
            "dist": {
                "type": "zip",
                "url": "https://api.github.com/repos/php-fig/container/zipball/b7ce3b176482dbbc1245ebf52b181af44c2cf55f",
                "reference": "b7ce3b176482dbbc1245ebf52b181af44c2cf55f",
                "shasum": ""
            },
            "require": {
                "php": ">=5.3.0"
            },
            "type": "library",
            "extra": {
                "branch-alias": {
                    "dev-master": "1.0.x-dev"
                }
            },
            "autoload": {
                "psr-4": {
                    "Psr\\Container\\": "src/"
                }
            },
            "notification-url": "https://packagist.org/downloads/",
            "license": [
                "MIT"
            ],
            "authors": [
                {
                    "name": "PHP-FIG",
                    "homepage": "http://www.php-fig.org/"
                }
            ],
            "description": "Common Container Interface (PHP FIG PSR-11)",
            "homepage": "https://github.com/php-fig/container",
            "keywords": [
                "PSR-11",
                "container",
                "container-interface",
                "container-interop",
                "psr"
            ],
            "time": "2017-02-14T16:28:37+00:00"
        },
        {
            "name": "psr/http-message",
            "version": "1.0.1",
            "source": {
                "type": "git",
                "url": "https://github.com/php-fig/http-message.git",
                "reference": "f6561bf28d520154e4b0ec72be95418abe6d9363"
            },
            "dist": {
                "type": "zip",
                "url": "https://api.github.com/repos/php-fig/http-message/zipball/f6561bf28d520154e4b0ec72be95418abe6d9363",
                "reference": "f6561bf28d520154e4b0ec72be95418abe6d9363",
                "shasum": ""
            },
            "require": {
                "php": ">=5.3.0"
            },
            "type": "library",
            "extra": {
                "branch-alias": {
                    "dev-master": "1.0.x-dev"
                }
            },
            "autoload": {
                "psr-4": {
                    "Psr\\Http\\Message\\": "src/"
                }
            },
            "notification-url": "https://packagist.org/downloads/",
            "license": [
                "MIT"
            ],
            "authors": [
                {
                    "name": "PHP-FIG",
                    "homepage": "http://www.php-fig.org/"
                }
            ],
            "description": "Common interface for HTTP messages",
            "homepage": "https://github.com/php-fig/http-message",
            "keywords": [
                "http",
                "http-message",
                "psr",
                "psr-7",
                "request",
                "response"
            ],
            "time": "2016-08-06T14:39:51+00:00"
        },
        {
            "name": "symfony/polyfill-ctype",
            "version": "v1.11.0",
            "source": {
                "type": "git",
                "url": "https://github.com/symfony/polyfill-ctype.git",
                "reference": "82ebae02209c21113908c229e9883c419720738a"
            },
            "dist": {
                "type": "zip",
                "url": "https://api.github.com/repos/symfony/polyfill-ctype/zipball/82ebae02209c21113908c229e9883c419720738a",
                "reference": "82ebae02209c21113908c229e9883c419720738a",
                "shasum": ""
            },
            "require": {
                "php": ">=5.3.3"
            },
            "suggest": {
                "ext-ctype": "For best performance"
            },
            "type": "library",
            "extra": {
                "branch-alias": {
                    "dev-master": "1.11-dev"
                }
            },
            "autoload": {
                "psr-4": {
                    "Symfony\\Polyfill\\Ctype\\": ""
                },
                "files": [
                    "bootstrap.php"
                ]
            },
            "notification-url": "https://packagist.org/downloads/",
            "license": [
                "MIT"
            ],
            "authors": [
                {
                    "name": "Symfony Community",
                    "homepage": "https://symfony.com/contributors"
                },
                {
                    "name": "Gert de Pagter",
                    "email": "BackEndTea@gmail.com"
                }
            ],
            "description": "Symfony polyfill for ctype functions",
            "homepage": "https://symfony.com",
            "keywords": [
                "compatibility",
                "ctype",
                "polyfill",
                "portable"
            ],
            "time": "2019-02-06T07:57:58+00:00"
        },
        {
            "name": "virgil/crypto",
            "version": "v5.1.1",
            "source": {
                "type": "git",
                "url": "https://github.com/VirgilSecurity/virgil-crypto-php.git",
                "reference": "b5820ab357cb9b3798957650a76e32a7eddeff19"
            },
            "dist": {
                "type": "zip",
                "url": "https://api.github.com/repos/VirgilSecurity/virgil-crypto-php/zipball/b5820ab357cb9b3798957650a76e32a7eddeff19",
                "reference": "b5820ab357cb9b3798957650a76e32a7eddeff19",
                "shasum": ""
            },
            "require": {
                "php": ">=5.6",
                "virgil/crypto-api": "^5.0"
            },
            "provide": {
                "virgil/crypto-api-implementation": "v5"
            },
            "require-dev": {
                "phpunit/phpunit": "^7"
            },
            "type": "standalone",
            "autoload": {
                "files": [
                    "virgil_crypto_php.php"
                ],
                "psr-4": {
                    "Virgil\\CryptoImpl\\": "Virgil/CryptoImpl/"
                }
            },
            "notification-url": "https://packagist.org/downloads/",
            "license": [
                "BSD-3-Clause"
            ],
            "authors": [
                {
                    "name": "Virgil Security, Inc",
                    "email": "support@virgilsecurity.com",
                    "homepage": "https://virgilsecurity.com/"
                }
            ],
            "description": "Virgil is a stack of security libraries (ECIES with Crypto Agility wrapped in Virgil Cryptogram) and all the necessary infrastructure to enable seamless, end-to-end encryption for any application, platform or device. See below for currently available languages and platforms. Get in touch with us to get preview access to our key infrastructure.",
            "homepage": "http://virgilsecurity.com",
            "keywords": [
                "Authentication",
                "ECIES",
                "PFS",
                "Passwordless",
                "Perfect Forward Secrecy",
                "Virgil.Keys",
                "Virgil.Pass",
                "cross",
                "cryptography",
                "decryption",
                "elliptic",
                "encryption",
                "end-to-end",
                "platform",
                "security",
                "verification",
                "virgil"
            ],
            "time": "2019-07-04T11:16:31+00:00"
        },
        {
            "name": "virgil/crypto-api",
            "version": "5.0.0",
            "source": {
                "type": "git",
                "url": "https://github.com/VirgilSecurity/virgil-cryptoapi-php.git",
                "reference": "797dfa266aec50e1e29b0a2a923124e23a57b0f0"
            },
            "dist": {
                "type": "zip",
                "url": "https://api.github.com/repos/VirgilSecurity/virgil-cryptoapi-php/zipball/797dfa266aec50e1e29b0a2a923124e23a57b0f0",
                "reference": "797dfa266aec50e1e29b0a2a923124e23a57b0f0",
                "shasum": ""
            },
            "require": {
                "php": ">=5.6"
            },
            "type": "library",
            "autoload": {
                "psr-4": {
                    "Virgil\\CryptoApi\\": "Virgil/CryptoApi/"
                }
            },
            "notification-url": "https://packagist.org/downloads/",
            "license": [
                "BSD-3-Clause"
            ],
            "authors": [
                {
                    "name": "Virgil Security, Inc",
                    "email": "support@virgilsecurity.com",
                    "homepage": "http://virgilsecurity.com"
                }
            ],
            "description": "Virgil crypto API contains a bunch of common cipher interfaces",
            "homepage": "http://virgilsecurity.com",
            "keywords": [
                "cipher",
                "crypto api",
                "virgil crypto"
            ],
            "time": "2018-05-14T06:20:45+00:00"
        },
        {
            "name": "virgil/sdk",
            "version": "v5.1.0",
            "source": {
                "type": "git",
                "url": "https://github.com/VirgilSecurity/virgil-sdk-php.git",
                "reference": "4f820f162b49d14638ada62c977be95d696d4832"
            },
            "dist": {
                "type": "zip",
                "url": "https://api.github.com/repos/VirgilSecurity/virgil-sdk-php/zipball/4f820f162b49d14638ada62c977be95d696d4832",
                "reference": "4f820f162b49d14638ada62c977be95d696d4832",
                "shasum": ""
            },
            "require": {
                "ext-curl": "*",
                "php": ">=5.6",
                "virgil/crypto-api-implementation": "^v5.0",
                "vlucas/phpdotenv": "^2.5"
            },
            "require-dev": {
                "phpunit/phpunit": "7.5.1",
                "virgil/crypto": "^5.0"
            },
            "type": "library",
            "autoload": {
                "psr-4": {
                    "Virgil\\": "Virgil/"
                }
            },
            "notification-url": "https://packagist.org/downloads/",
            "license": [
                "BSD-3-Clause"
            ],
            "authors": [
                {
                    "name": "Virgil Security, Inc",
                    "email": "support@virgilsecurity.com",
                    "homepage": "http://virgilsecurity.com"
                }
            ],
            "description": "Virgil is a stack of security libraries (ECIES with Crypto Agility wrapped in Virgil Cryptogram) and all the necessary infrastructure to enable seamless, end-to-end encryption for any application, platform or device. See below for currently available languages and platforms. Get in touch with us to get preview access to our key infrastructure.",
            "homepage": "https://virgilsecurity.com",
            "keywords": [
                "Authentication",
                "ECIES",
                "Keyring",
                "PFS",
                "Passwordless",
                "Perfect Forward Secrecy",
                "Virgil.Keys",
                "Virgil.Pass",
                "cross",
                "cryptography",
                "decryption",
                "elliptic",
                "encryption",
                "end-to-end",
                "pki",
                "platform",
                "sdk",
                "security",
                "verification",
                "virgil"
            ],
            "time": "2019-06-21T15:43:09+00:00"
        },
        {
            "name": "vlucas/phpdotenv",
            "version": "v2.6.1",
            "source": {
                "type": "git",
                "url": "https://github.com/vlucas/phpdotenv.git",
                "reference": "2a7dcf7e3e02dc5e701004e51a6f304b713107d5"
            },
            "dist": {
                "type": "zip",
                "url": "https://api.github.com/repos/vlucas/phpdotenv/zipball/2a7dcf7e3e02dc5e701004e51a6f304b713107d5",
                "reference": "2a7dcf7e3e02dc5e701004e51a6f304b713107d5",
                "shasum": ""
            },
            "require": {
                "php": ">=5.3.9",
                "symfony/polyfill-ctype": "^1.9"
            },
            "require-dev": {
                "phpunit/phpunit": "^4.8.35 || ^5.0"
            },
            "type": "library",
            "extra": {
                "branch-alias": {
                    "dev-master": "2.6-dev"
                }
            },
            "autoload": {
                "psr-4": {
                    "Dotenv\\": "src/"
                }
            },
            "notification-url": "https://packagist.org/downloads/",
            "license": [
                "BSD-3-Clause"
            ],
            "authors": [
                {
                    "name": "Vance Lucas",
                    "email": "vance@vancelucas.com",
                    "homepage": "http://www.vancelucas.com"
                }
            ],
            "description": "Loads environment variables from `.env` to `getenv()`, `$_ENV` and `$_SERVER` automagically.",
            "keywords": [
                "dotenv",
                "env",
                "environment"
            ],
            "time": "2019-01-29T11:11:52+00:00"
        }
    ],
    "packages-dev": [],
    "aliases": [],
    "minimum-stability": "stable",
    "stability-flags": [],
    "prefer-stable": false,
    "prefer-lowest": false,
    "platform": {
        "php": ">=7.2"
    },
    "platform-dev": []
}
